{
    "_meta": {
        "hash": {
            "sha256": "876e6d6be1d8c0e871cc4d102485aa9bcd5aa626816dde557b2254013b366756"
        },
        "pipfile-spec": 6,
        "requires": {
            "python_full_version": "2.7.15"
        },
        "sources": [
            {
                "name": "pypi",
                "url": "https://pypi.org/simple",
                "verify_ssl": true
            }
        ]
    },
    "default": {},
    "develop": {}
}
